
Microsoft Visual Studio Solution File, Format Version 12.00
# Visual Studio Version 16
VisualStudioVersion = 16.0.28803.156
MinimumVisualStudioVersion = 10.0.40219.1
Project("{9A19103F-16F7-4668-BE54-9A1E7A4F7556}") = "MusicShop.Web", "MusicShop.Web\MusicShop.Web.csproj", "{4300D615-EE25-45C7-9764-4767855779A9}"
EndProject
Project("{9A19103F-16F7-4668-BE54-9A1E7A4F7556}") = "MusicShop.Core", "..\MusicShop.Core\MusicShop.Core.csproj", "{D8996C3E-5158-4CA8-9694-361C602CC65E}"
EndProject
Project("{9A19103F-16F7-4668-BE54-9A1E7A4F7556}") = "MusicShop.DomainModel", "..\MusicShop.DomainModel\MusicShop.DomainModel.csproj", "{5539028B-331E-4830-BEBD-9F2895200291}"
EndProject
Project("{9A19103F-16F7-4668-BE54-9A1E7A4F7556}") = "MusicShop.Repository", "..\MusicShop.Repository\MusicShop.Repository.csproj", "{77782379-9896-4DF8-A1ED-172B6D076C88}"
EndProject
Project("{FAE04EC0-301F-11D3-BF4B-00C04F79EFBC}") = "MusicShop.Test", "MusicShop.Test\MusicShop.Test.csproj", "{2AC9F24E-58C7-4994-B56D-C8550F650272}"
EndProject
Global
	GlobalSection(SolutionConfigurationPlatforms) = preSolution
		Debug|Any CPU = Debug|Any CPU
		Release|Any CPU = Release|Any CPU
	EndGlobalSection
	GlobalSection(ProjectConfigurationPlatforms) = postSolution
		{4300D615-EE25-45C7-9764-4767855779A9}.Debug|Any CPU.ActiveCfg = Debug|Any CPU
		{4300D615-EE25-45C7-9764-4767855779A9}.Debug|Any CPU.Build.0 = Debug|Any CPU
		{4300D615-EE25-45C7-9764-4767855779A9}.Release|Any CPU.ActiveCfg = Release|Any CPU
		{4300D615-EE25-45C7-9764-4767855779A9}.Release|Any CPU.Build.0 = Release|Any CPU
		{D8996C3E-5158-4CA8-9694-361C602CC65E}.Debug|Any CPU.ActiveCfg = Debug|Any CPU
		{D8996C3E-5158-4CA8-9694-361C602CC65E}.Debug|Any CPU.Build.0 = Debug|Any CPU
		{D8996C3E-5158-4CA8-9694-361C602CC65E}.Release|Any CPU.ActiveCfg = Release|Any CPU
		{D8996C3E-5158-4CA8-9694-361C602CC65E}.Release|Any CPU.Build.0 = Release|Any CPU
		{5539028B-331E-4830-BEBD-9F2895200291}.Debug|Any CPU.ActiveCfg = Debug|Any CPU
		{5539028B-331E-4830-BEBD-9F2895200291}.Debug|Any CPU.Build.0 = Debug|Any CPU
		{5539028B-331E-4830-BEBD-9F2895200291}.Release|Any CPU.ActiveCfg = Release|Any CPU
		{5539028B-331E-4830-BEBD-9F2895200291}.Release|Any CPU.Build.0 = Release|Any CPU
		{77782379-9896-4DF8-A1ED-172B6D076C88}.Debug|Any CPU.ActiveCfg = Debug|Any CPU
		{77782379-9896-4DF8-A1ED-172B6D076C88}.Debug|Any CPU.Build.0 = Debug|Any CPU
		{77782379-9896-4DF8-A1ED-172B6D076C88}.Release|Any CPU.ActiveCfg = Release|Any CPU
		{77782379-9896-4DF8-A1ED-172B6D076C88}.Release|Any CPU.Build.0 = Release|Any CPU
		{2AC9F24E-58C7-4994-B56D-C8550F650272}.Debug|Any CPU.ActiveCfg = Debug|Any CPU
		{2AC9F24E-58C7-4994-B56D-C8550F650272}.Debug|Any CPU.Build.0 = Debug|Any CPU
		{2AC9F24E-58C7-4994-B56D-C8550F650272}.Release|Any CPU.ActiveCfg = Release|Any CPU
		{2AC9F24E-58C7-4994-B56D-C8550F650272}.Release|Any CPU.Build.0 = Release|Any CPU
	EndGlobalSection
	GlobalSection(SolutionProperties) = preSolution
		HideSolutionNode = FALSE
	EndGlobalSection
	GlobalSection(ExtensibilityGlobals) = postSolution
		SolutionGuid = {4C01EE56-077D-40CC-A058-BC222196D2E2}
	EndGlobalSection
EndGlobal
